
Microsoft Visual Studio Solution File, Format Version 12.00
# Visual Studio Version 17
VisualStudioVersion = 17.3.32819.101
MinimumVisualStudioVersion = 10.0.40219.1
Project("{FAE04EC0-301F-11D3-BF4B-00C04F79EFBC}") = "Empresa.Endereco.Api", "JovemProgramador\Empresa.Endereco.Api.csproj", "{E5C128CB-F1F5-427A-A8C6-FD4B8CCDDFAD}"
EndProject
Project("{FAE04EC0-301F-11D3-BF4B-00C04F79EFBC}") = "Empresa.Endereco.Dominio", "Empresa.Endereco.Dominio\Empresa.Endereco.Dominio.csproj", "{37F287B8-2C34-4162-BB2D-9985FC7C45A7}"
EndProject
Project("{FAE04EC0-301F-11D3-BF4B-00C04F79EFBC}") = "Empresa.Endereco.Servico", "Empresa.Endereco.Servico\Empresa.Endereco.Servico.csproj", "{B6A65EE7-D22A-47AD-86B5-0CAADBC01294}"
EndProject
Global
	GlobalSection(SolutionConfigurationPlatforms) = preSolution
		Debug|Any CPU = Debug|Any CPU
		Release|Any CPU = Release|Any CPU
	EndGlobalSection
	GlobalSection(ProjectConfigurationPlatforms) = postSolution
		{E5C128CB-F1F5-427A-A8C6-FD4B8CCDDFAD}.Debug|Any CPU.ActiveCfg = Debug|Any CPU
		{E5C128CB-F1F5-427A-A8C6-FD4B8CCDDFAD}.Debug|Any CPU.Build.0 = Debug|Any CPU
		{E5C128CB-F1F5-427A-A8C6-FD4B8CCDDFAD}.Release|Any CPU.ActiveCfg = Release|Any CPU
		{E5C128CB-F1F5-427A-A8C6-FD4B8CCDDFAD}.Release|Any CPU.Build.0 = Release|Any CPU
		{37F287B8-2C34-4162-BB2D-9985FC7C45A7}.Debug|Any CPU.ActiveCfg = Debug|Any CPU
		{37F287B8-2C34-4162-BB2D-9985FC7C45A7}.Debug|Any CPU.Build.0 = Debug|Any CPU
		{37F287B8-2C34-4162-BB2D-9985FC7C45A7}.Release|Any CPU.ActiveCfg = Release|Any CPU
		{37F287B8-2C34-4162-BB2D-9985FC7C45A7}.Release|Any CPU.Build.0 = Release|Any CPU
		{B6A65EE7-D22A-47AD-86B5-0CAADBC01294}.Debug|Any CPU.ActiveCfg = Debug|Any CPU
		{B6A65EE7-D22A-47AD-86B5-0CAADBC01294}.Debug|Any CPU.Build.0 = Debug|Any CPU
		{B6A65EE7-D22A-47AD-86B5-0CAADBC01294}.Release|Any CPU.ActiveCfg = Release|Any CPU
		{B6A65EE7-D22A-47AD-86B5-0CAADBC01294}.Release|Any CPU.Build.0 = Release|Any CPU
	EndGlobalSection
	GlobalSection(SolutionProperties) = preSolution
		HideSolutionNode = FALSE
	EndGlobalSection
	GlobalSection(ExtensibilityGlobals) = postSolution
		SolutionGuid = {DE1D2978-D971-445B-A71A-CFD326DB70B2}
	EndGlobalSection
EndGlobal
